
Microsoft Visual Studio Solution File, Format Version 12.00
# Visual Studio 14
VisualStudioVersion = 14.0.24720.0
MinimumVisualStudioVersion = 10.0.40219.1
Project("{2150E333-8FDC-42A3-9474-1A3956D46DE8}") = "src", "src", "{82D2A3CA-EB38-4B05-9BA8-4DB3D9E76B2B}"
EndProject
Project("{2150E333-8FDC-42A3-9474-1A3956D46DE8}") = "Solution Items", "Solution Items", "{F7CBF8AC-071B-43B7-B0F3-49E8597BEA72}"
	ProjectSection(SolutionItems) = preProject
		global.json = global.json
	EndProjectSection
EndProject
Project("{8BB2217D-0F2D-49D1-97BC-3654ED321F3B}") = "Basics", "src\Basics\Basics.xproj", "{44EF78DF-8A6D-4C90-B0C3-4444C68D7A2F}"
EndProject
Global
	GlobalSection(SolutionConfigurationPlatforms) = preSolution
		Debug|Any CPU = Debug|Any CPU
		Release|Any CPU = Release|Any CPU
	EndGlobalSection
	GlobalSection(ProjectConfigurationPlatforms) = postSolution
		{44EF78DF-8A6D-4C90-B0C3-4444C68D7A2F}.Debug|Any CPU.ActiveCfg = Debug|Any CPU
		{44EF78DF-8A6D-4C90-B0C3-4444C68D7A2F}.Debug|Any CPU.Build.0 = Debug|Any CPU
		{44EF78DF-8A6D-4C90-B0C3-4444C68D7A2F}.Release|Any CPU.ActiveCfg = Release|Any CPU
		{44EF78DF-8A6D-4C90-B0C3-4444C68D7A2F}.Release|Any CPU.Build.0 = Release|Any CPU
	EndGlobalSection
	GlobalSection(SolutionProperties) = preSolution
		HideSolutionNode = FALSE
	EndGlobalSection
	GlobalSection(NestedProjects) = preSolution
		{44EF78DF-8A6D-4C90-B0C3-4444C68D7A2F} = {82D2A3CA-EB38-4B05-9BA8-4DB3D9E76B2B}
	EndGlobalSection
EndGlobal
